// !$*UTF8*$!
{
	archiveVersion = 1;
	classes = {
	};
	objectVersion = 46;
	objects = {

/* Begin PBXBuildFile section */
		FAB9CAF51A02E520003FAB0B /* main.m in Sources */ = {isa = PBXBuildFile; fileRef = FAB9CAF41A02E520003FAB0B /* main.m */; };
		FAB9CAF81A02E520003FAB0B /* AppDelegate.m in Sources */ = {isa = PBXBuildFile; fileRef = FAB9CAF71A02E520003FAB0B /* AppDelegate.m */; };
		FAB9CAFB1A02E520003FAB0B /* RootViewController.m in Sources */ = {isa = PBXBuildFile; fileRef = FAB9CAFA1A02E520003FAB0B /* RootViewController.m */; };
		FAB9CAFE1A02E520003FAB0B /* Main.storyboard in Resources */ = {isa = PBXBuildFile; fileRef = FAB9CAFC1A02E520003FAB0B /* Main.storyboard */; };
		FAB9CB001A02E520003FAB0B /* Images.xcassets in Resources */ = {isa = PBXBuildFile; fileRef = FAB9CAFF1A02E520003FAB0B /* Images.xcassets */; };
		FAB9CB031A02E520003FAB0B /* LaunchScreen.xib in Resources */ = {isa = PBXBuildFile; fileRef = FAB9CB011A02E520003FAB0B /* LaunchScreen.xib */; };
		FAB9CB0F1A02E520003FAB0B /* CodeChallenge2Tests.m in Sources */ = {isa = PBXBuildFile; fileRef = FAB9CB0E1A02E520003FAB0B /* CodeChallenge2Tests.m */; };
		FAB9CB1A1A02E5FD003FAB0B /* CityDetail.m in Sources */ = {isa = PBXBuildFile; fileRef = FAB9CB191A02E5FD003FAB0B /* CityDetail.m */; };
		FAB9CB1E1A02F2C8003FAB0B /* CityDetailViewController.m in Sources */ = {isa = PBXBuildFile; fileRef = FAB9CB1D1A02F2C8003FAB0B /* CityDetailViewController.m */; };
/* End PBXBuildFile section */

/* Begin PBXContainerItemProxy section */
		FAB9CB091A02E520003FAB0B /* PBXContainerItemProxy */ = {
			isa = PBXContainerItemProxy;
			containerPortal = FAB9CAE71A02E520003FAB0B /* Project object */;
			proxyType = 1;
			remoteGlobalIDString = FAB9CAEE1A02E520003FAB0B;
			remoteInfo = CodeChallenge2;
		};
/* End PBXContainerItemProxy section */

/* Begin PBXFileReference section */
		FAB9CAEF1A02E520003FAB0B /* CodeChallenge2.app */ = {isa = PBXFileReference; explicitFileType = wrapper.application; includeInIndex = 0; path = CodeChallenge2.app; sourceTree = BUILT_PRODUCTS_DIR; };
		FAB9CAF31A02E520003FAB0B /* Info.plist */ = {isa = PBXFileReference; lastKnownFileType = text.plist.xml; path = Info.plist; sourceTree = "<group>"; };
		FAB9CAF41A02E520003FAB0B /* main.m */ = {isa = PBXFileReference; lastKnownFileType = sourcecode.c.objc; path = main.m; sourceTree = "<group>"; };
		FAB9CAF61A02E520003FAB0B /* AppDelegate.h */ = {isa = PBXFileReference; lastKnownFileType = sourcecode.c.h; path = AppDelegate.h; sourceTree = "<group>"; };
		FAB9CAF71A02E520003FAB0B /* AppDelegate.m */ = {isa = PBXFileReference; lastKnownFileType = sourcecode.c.objc; path = AppDelegate.m; sourceTree = "<group>"; };
		FAB9CAF91A02E520003FAB0B /* RootViewController.h */ = {isa = PBXFileReference; lastKnownFileType = sourcecode.c.h; path = RootViewController.h; sourceTree = "<group>"; };
		FAB9CAFA1A02E520003FAB0B /* RootViewController.m */ = {isa = PBXFileReference; lastKnownFileType = sourcecode.c.objc; path = RootViewController.m; sourceTree = "<group>"; };
		FAB9CAFD1A02E520003FAB0B /* Base */ = {isa = PBXFileReference; lastKnownFileType = file.storyboard; name = Base; path = Base.lproj/Main.storyboard; sourceTree = "<group>"; };
		FAB9CAFF1A02E520003FAB0B /* Images.xcassets */ = {isa = PBXFileReference; lastKnownFileType = folder.assetcatalog; path = Images.xcassets; sourceTree = "<group>"; };
		FAB9CB021A02E520003FAB0B /* Base */ = {isa = PBXFileReference; lastKnownFileType = file.xib; name = Base; path = Base.lproj/LaunchScreen.xib; sourceTree = "<group>"; };
		FAB9CB081A02E520003FAB0B /* CodeChallenge2Tests.xctest */ = {isa = PBXFileReference; explicitFileType = wrapper.cfbundle; includeInIndex = 0; path = CodeChallenge2Tests.xctest; sourceTree = BUILT_PRODUCTS_DIR; };
		FAB9CB0D1A02E520003FAB0B /* Info.plist */ = {isa = PBXFileReference; lastKnownFileType = text.plist.xml; path = Info.plist; sourceTree = "<group>"; };
		FAB9CB0E1A02E520003FAB0B /* CodeChallenge2Tests.m */ = {isa = PBXFileReference; lastKnownFileType = sourcecode.c.objc; path = CodeChallenge2Tests.m; sourceTree = "<group>"; };
		FAB9CB181A02E5FD003FAB0B /* CityDetail.h */ = {isa = PBXFileReference; fileEncoding = 4; lastKnownFileType = sourcecode.c.h; path = CityDetail.h; sourceTree = "<group>"; };
		FAB9CB191A02E5FD003FAB0B /* CityDetail.m */ = {isa = PBXFileReference; fileEncoding = 4; lastKnownFileType = sourcecode.c.objc; path = CityDetail.m; sourceTree = "<group>"; };
		FAB9CB1C1A02F2C8003FAB0B /* CityDetailViewController.h */ = {isa = PBXFileReference; fileEncoding = 4; lastKnownFileType = sourcecode.c.h; path = CityDetailViewController.h; sourceTree = "<group>"; };
		FAB9CB1D1A02F2C8003FAB0B /* CityDetailViewController.m */ = {isa = PBXFileReference; fileEncoding = 4; lastKnownFileType = sourcecode.c.objc; path = CityDetailViewController.m; sourceTree = "<group>"; };
/* End PBXFileReference section */

/* Begin PBXFrameworksBuildPhase section */
		FAB9CAEC1A02E520003FAB0B /* Frameworks */ = {
			isa = PBXFrameworksBuildPhase;
			buildActionMask = 2147483647;
			files = (
			);
			runOnlyForDeploymentPostprocessing = 0;
		};
		FAB9CB051A02E520003FAB0B /* Frameworks */ = {
			isa = PBXFrameworksBuildPhase;
			buildActionMask = 2147483647;
			files = (
			);
			runOnlyForDeploymentPostprocessing = 0;
		};
/* End PBXFrameworksBuildPhase section */

/* Begin PBXGroup section */
		FAB9CAE61A02E520003FAB0B = {
			isa = PBXGroup;
			children = (
				FAB9CAF11A02E520003FAB0B /* CodeChallenge2 */,
				FAB9CB0B1A02E520003FAB0B /* CodeChallenge2Tests */,
				FAB9CAF01A02E520003FAB0B /* Products */,
			);
			sourceTree = "<group>";
		};
		FAB9CAF01A02E520003FAB0B /* Products */ = {
			isa = PBXGroup;
			children = (
				FAB9CAEF1A02E520003FAB0B /* CodeChallenge2.app */,
				FAB9CB081A02E520003FAB0B /* CodeChallenge2Tests.xctest */,
			);
			name = Products;
			sourceTree = "<group>";
		};
		FAB9CAF11A02E520003FAB0B /* CodeChallenge2 */ = {
			isa = PBXGroup;
			children = (
				FAB9CAF61A02E520003FAB0B /* AppDelegate.h */,
				FAB9CAF71A02E520003FAB0B /* AppDelegate.m */,
				FAB9CAF91A02E520003FAB0B /* RootViewController.h */,
				FAB9CAFA1A02E520003FAB0B /* RootViewController.m */,
				FAB9CB1C1A02F2C8003FAB0B /* CityDetailViewController.h */,
				FAB9CB1D1A02F2C8003FAB0B /* CityDetailViewController.m */,
				FAB9CB1B1A02E601003FAB0B /* Model */,
				FAB9CAFC1A02E520003FAB0B /* Main.storyboard */,
				FAB9CAFF1A02E520003FAB0B /* Images.xcassets */,
				FAB9CB011A02E520003FAB0B /* LaunchScreen.xib */,
				FAB9CAF21A02E520003FAB0B /* Supporting Files */,
			);
			path = CodeChallenge2;
			sourceTree = "<group>";
		};
		FAB9CAF21A02E520003FAB0B /* Supporting Files */ = {
			isa = PBXGroup;
			children = (
				FAB9CAF31A02E520003FAB0B /* Info.plist */,
				FAB9CAF41A02E520003FAB0B /* main.m */,
			);
			name = "Supporting Files";
			sourceTree = "<group>";
		};
		FAB9CB0B1A02E520003FAB0B /* CodeChallenge2Tests */ = {
			isa = PBXGroup;
			children = (
				FAB9CB0E1A02E520003FAB0B /* CodeChallenge2Tests.m */,
				FAB9CB0C1A02E520003FAB0B /* Supporting Files */,
			);
			path = CodeChallenge2Tests;
			sourceTree = "<group>";
		};
		FAB9CB0C1A02E520003FAB0B /* Supporting Files */ = {
			isa = PBXGroup;
			children = (
				FAB9CB0D1A02E520003FAB0B /* Info.plist */,
			);
			name = "Supporting Files";
			sourceTree = "<group>";
		};
		FAB9CB1B1A02E601003FAB0B /* Model */ = {
			isa = PBXGroup;
			children = (
				FAB9CB181A02E5FD003FAB0B /* CityDetail.h */,
				FAB9CB191A02E5FD003FAB0B /* CityDetail.m */,
			);
			name = Model;
			sourceTree = "<group>";
		};
/* End PBXGroup section */

/* Begin PBXNativeTarget section */
		FAB9CAEE1A02E520003FAB0B /* CodeChallenge2 */ = {
			isa = PBXNativeTarget;
			buildConfigurationList = FAB9CB121A02E520003FAB0B /* Build configuration list for PBXNativeTarget "CodeChallenge2" */;
			buildPhases = (
				FAB9CAEB1A02E520003FAB0B /* Sources */,
				FAB9CAEC1A02E520003FAB0B /* Frameworks */,
				FAB9CAED1A02E520003FAB0B /* Resources */,
			);
			buildRules = (
			);
			dependencies = (
			);
			name = CodeChallenge2;
			productName = CodeChallenge2;
			productReference = FAB9CAEF1A02E520003FAB0B /* CodeChallenge2.app */;
			productType = "com.apple.product-type.application";
		};
		FAB9CB071A02E520003FAB0B /* CodeChallenge2Tests */ = {
			isa = PBXNativeTarget;
			buildConfigurationList = FAB9CB151A02E520003FAB0B /* Build configuration list for PBXNativeTarget "CodeChallenge2Tests" */;
			buildPhases = (
				FAB9CB041A02E520003FAB0B /* Sources */,
				FAB9CB051A02E520003FAB0B /* Frameworks */,
				FAB9CB061A02E520003FAB0B /* Resources */,
			);
			buildRules = (
			);
			dependencies = (
				FAB9CB0A1A02E520003FAB0B /* PBXTargetDependency */,
			);
			name = CodeChallenge2Tests;
			productName = CodeChallenge2Tests;
			productReference = FAB9CB081A02E520003FAB0B /* CodeChallenge2Tests.xctest */;
			productType = "com.apple.product-type.bundle.unit-test";
		};
/* End PBXNativeTarget section */

/* Begin PBXProject section */
		FAB9CAE71A02E520003FAB0B /* Project object */ = {
			isa = PBXProject;
			attributes = {
				LastUpgradeCheck = 0610;
				ORGANIZATIONNAME = "Alexey Emelyanov";
				TargetAttributes = {
					FAB9CAEE1A02E520003FAB0B = {
						CreatedOnToolsVersion = 6.1;
					};
					FAB9CB071A02E520003FAB0B = {
						CreatedOnToolsVersion = 6.1;
						TestTargetID = FAB9CAEE1A02E520003FAB0B;
					};
				};
			};
			buildConfigurationList = FAB9CAEA1A02E520003FAB0B /* Build configuration list for PBXProject "CodeChallenge2" */;
			compatibilityVersion = "Xcode 3.2";
			developmentRegion = English;
			hasScannedForEncodings = 0;
			knownRegions = (
				en,
				Base,
			);
			mainGroup = FAB9CAE61A02E520003FAB0B;
			productRefGroup = FAB9CAF01A02E520003FAB0B /* Products */;
			projectDirPath = "";
			projectRoot = "";
			targets = (
				FAB9CAEE1A02E520003FAB0B /* CodeChallenge2 */,
				FAB9CB071A02E520003FAB0B /* CodeChallenge2Tests */,
			);
		};
/* End PBXProject section */

/* Begin PBXResourcesBuildPhase section */
		FAB9CAED1A02E520003FAB0B /* Resources */ = {
			isa = PBXResourcesBuildPhase;
			buildActionMask = 2147483647;
			files = (
				FAB9CAFE1A02E520003FAB0B /* Main.storyboard in Resources */,
				FAB9CB031A02E520003FAB0B /* LaunchScreen.xib in Resources */,
				FAB9CB001A02E520003FAB0B /* Images.xcassets in Resources */,
			);
			runOnlyForDeploymentPostprocessing = 0;
		};
		FAB9CB061A02E520003FAB0B /* Resources */ = {
			isa = PBXResourcesBuildPhase;
			buildActionMask = 2147483647;
			files = (
			);
			runOnlyForDeploymentPostprocessing = 0;
		};
/* End PBXResourcesBuildPhase section */

/* Begin PBXSourcesBuildPhase section */
		FAB9CAEB1A02E520003FAB0B /* Sources */ = {
			isa = PBXSourcesBuildPhase;
			buildActionMask = 2147483647;
			files = (
				FAB9CAFB1A02E520003FAB0B /* RootViewController.m in Sources */,
				FAB9CAF81A02E520003FAB0B /* AppDelegate.m in Sources */,
				FAB9CAF51A02E520003FAB0B /* main.m in Sources */,
				FAB9CB1E1A02F2C8003FAB0B /* CityDetailViewController.m in Sources */,
				FAB9CB1A1A02E5FD003FAB0B /* CityDetail.m in Sources */,
			);
			runOnlyForDeploymentPostprocessing = 0;
		};
		FAB9CB041A02E520003FAB0B /* Sources */ = {
			isa = PBXSourcesBuildPhase;
			buildActionMask = 2147483647;
			files = (
				FAB9CB0F1A02E520003FAB0B /* CodeChallenge2Tests.m in Sources */,
			);
			runOnlyForDeploymentPostprocessing = 0;
		};
/* End PBXSourcesBuildPhase section */

/* Begin PBXTargetDependency section */
		FAB9CB0A1A02E520003FAB0B /* PBXTargetDependency */ = {
			isa = PBXTargetDependency;
			target = FAB9CAEE1A02E520003FAB0B /* CodeChallenge2 */;
			targetProxy = FAB9CB091A02E520003FAB0B /* PBXContainerItemProxy */;
		};
/* End PBXTargetDependency section */

/* Begin PBXVariantGroup section */
		FAB9CAFC1A02E520003FAB0B /* Main.storyboard */ = {
			isa = PBXVariantGroup;
			children = (
				FAB9CAFD1A02E520003FAB0B /* Base */,
			);
			name = Main.storyboard;
			sourceTree = "<group>";
		};
		FAB9CB011A02E520003FAB0B /* LaunchScreen.xib */ = {
			isa = PBXVariantGroup;
			children = (
				FAB9CB021A02E520003FAB0B /* Base */,
			);
			name = LaunchScreen.xib;
			sourceTree = "<group>";
		};
/* End PBXVariantGroup section */

/* Begin XCBuildConfiguration section */
		FAB9CB101A02E520003FAB0B /* Debug */ = {
			isa = XCBuildConfiguration;
			buildSettings = {
				ALWAYS_SEARCH_USER_PATHS = NO;
				CLANG_CXX_LANGUAGE_STANDARD = "gnu++0x";
				CLANG_CXX_LIBRARY = "libc++";
				CLANG_ENABLE_MODULES = YES;
				CLANG_ENABLE_OBJC_ARC = YES;
				CLANG_WARN_BOOL_CONVERSION = YES;
				CLANG_WARN_CONSTANT_CONVERSION = YES;
				CLANG_WARN_DIRECT_OBJC_ISA_USAGE = YES_ERROR;
				CLANG_WARN_EMPTY_BODY = YES;
				CLANG_WARN_ENUM_CONVERSION = YES;
				CLANG_WARN_INT_CONVERSION = YES;
				CLANG_WARN_OBJC_ROOT_CLASS = YES_ERROR;
				CLANG_WARN_UNREACHABLE_CODE = YES;
				CLANG_WARN__DUPLICATE_METHOD_MATCH = YES;
				"CODE_SIGN_IDENTITY[sdk=iphoneos*]" = "iPhone Developer";
				COPY_PHASE_STRIP = NO;
				ENABLE_STRICT_OBJC_MSGSEND = YES;
				GCC_C_LANGUAGE_STANDARD = gnu99;
				GCC_DYNAMIC_NO_PIC = NO;
				GCC_OPTIMIZATION_LEVEL = 0;
				GCC_PREPROCESSOR_DEFINITIONS = (
					"DEBUG=1",
					"$(inherited)",
				);
				GCC_SYMBOLS_PRIVATE_EXTERN = NO;
				GCC_WARN_64_TO_32_BIT_CONVERSION = YES;
				GCC_WARN_ABOUT_RETURN_TYPE = YES_ERROR;
				GCC_WARN_UNDECLARED_SELECTOR = YES;
				GCC_WARN_UNINITIALIZED_AUTOS = YES_AGGRESSIVE;
				GCC_WARN_UNUSED_FUNCTION = YES;
				GCC_WARN_UNUSED_VARIABLE = YES;
				IPHONEOS_DEPLOYMENT_TARGET = 8.1;
				MTL_ENABLE_DEBUG_INFO = YES;
				ONLY_ACTIVE_ARCH = YES;
				SDKROOT = iphoneos;
			};
			name = Debug;
		};
		FAB9CB111A02E520003FAB0B /* Release */ = {
			isa = XCBuildConfiguration;
			buildSettings = {
				ALWAYS_SEARCH_USER_PATHS = NO;
				CLANG_CXX_LANGUAGE_STANDARD = "gnu++0x";
				CLANG_CXX_LIBRARY = "libc++";
				CLANG_ENABLE_MODULES = YES;
				CLANG_ENABLE_OBJC_ARC = YES;
				CLANG_WARN_BOOL_CONVERSION = YES;
				CLANG_WARN_CONSTANT_CONVERSION = YES;
				CLANG_WARN_DIRECT_OBJC_ISA_USAGE = YES_ERROR;
				CLANG_WARN_EMPTY_BODY = YES;
				CLANG_WARN_ENUM_CONVERSION = YES;
				CLANG_WARN_INT_CONVERSION = YES;
				CLANG_WARN_OBJC_ROOT_CLASS = YES_ERROR;
				CLANG_WARN_UNREACHABLE_CODE = YES;
				CLANG_WARN__DUPLICATE_METHOD_MATCH = YES;
				"CODE_SIGN_IDENTITY[sdk=iphoneos*]" = "iPhone Developer";
				COPY_PHASE_STRIP = YES;
				ENABLE_NS_ASSERTIONS = NO;
				ENABLE_STRICT_OBJC_MSGSEND = YES;
				GCC_C_LANGUAGE_STANDARD = gnu99;
				GCC_WARN_64_TO_32_BIT_CONVERSION = YES;
				GCC_WARN_ABOUT_RETURN_TYPE = YES_ERROR;
				GCC_WARN_UNDECLARED_SELECTOR = YES;
				GCC_WARN_UNINITIALIZED_AUTOS = YES_AGGRESSIVE;
				GCC_WARN_UNUSED_FUNCTION = YES;
				GCC_WARN_UNUSED_VARIABLE = YES;
				IPHONEOS_DEPLOYMENT_TARGET = 8.1;
				MTL_ENABLE_DEBUG_INFO = NO;
				SDKROOT = iphoneos;
				VALIDATE_PRODUCT = YES;
			};
			name = Release;
		};
		FAB9CB131A02E520003FAB0B /* Debug */ = {
			isa = XCBuildConfiguration;
			buildSettings = {
				ASSETCATALOG_COMPILER_APPICON_NAME = AppIcon;
				INFOPLIST_FILE = CodeChallenge2/Info.plist;
				IPHONEOS_DEPLOYMENT_TARGET = 8.0;
				LD_RUNPATH_SEARCH_PATHS = "$(inherited) @executable_path/Frameworks";
				PRODUCT_NAME = "$(TARGET_NAME)";
			};
			name = Debug;
		};
		FAB9CB141A02E520003FAB0B /* Release */ = {
			isa = XCBuildConfiguration;
			buildSettings = {
				ASSETCATALOG_COMPILER_APPICON_NAME = AppIcon;
				INFOPLIST_FILE = CodeChallenge2/Info.plist;
				IPHONEOS_DEPLOYMENT_TARGET = 8.0;
				LD_RUNPATH_SEARCH_PATHS = "$(inherited) @executable_path/Frameworks";
				PRODUCT_NAME = "$(TARGET_NAME)";
			};
			name = Release;
		};
		FAB9CB161A02E520003FAB0B /* Debug */ = {
			isa = XCBuildConfiguration;
			buildSettings = {
				BUNDLE_LOADER = "$(TEST_HOST)";
				FRAMEWORK_SEARCH_PATHS = (
					"$(SDKROOT)/Developer/Library/Frameworks",
					"$(inherited)",
				);
				GCC_PREPROCESSOR_DEFINITIONS = (
					"DEBUG=1",
					"$(inherited)",
				);
				INFOPLIST_FILE = CodeChallenge2Tests/Info.plist;
				LD_RUNPATH_SEARCH_PATHS = "$(inherited) @executable_path/Frameworks @loader_path/Frameworks";
				PRODUCT_NAME = "$(TARGET_NAME)";
				TEST_HOST = "$(BUILT_PRODUCTS_DIR)/CodeChallenge2.app/CodeChallenge2";
			};
			name = Debug;
		};
		FAB9CB171A02E520003FAB0B /* Release */ = {
			isa = XCBuildConfiguration;
			buildSettings = {
				BUNDLE_LOADER = "$(TEST_HOST)";
				FRAMEWORK_SEARCH_PATHS = (
					"$(SDKROOT)/Developer/Library/Frameworks",
					"$(inherited)",
				);
				INFOPLIST_FILE = CodeChallenge2Tests/Info.plist;
				LD_RUNPATH_SEARCH_PATHS = "$(inherited) @executable_path/Frameworks @loader_path/Frameworks";
				PRODUCT_NAME = "$(TARGET_NAME)";
				TEST_HOST = "$(BUILT_PRODUCTS_DIR)/CodeChallenge2.app/CodeChallenge2";
			};
			name = Release;
		};
/* End XCBuildConfiguration section */

/* Begin XCConfigurationList section */
		FAB9CAEA1A02E520003FAB0B /* Build configuration list for PBXProject "CodeChallenge2" */ = {
			isa = XCConfigurationList;
			buildConfigurations = (
				FAB9CB101A02E520003FAB0B /* Debug */,
				FAB9CB111A02E520003FAB0B /* Release */,
			);
			defaultConfigurationIsVisible = 0;
			defaultConfigurationName = Release;
		};
		FAB9CB121A02E520003FAB0B /* Build configuration list for PBXNativeTarget "CodeChallenge2" */ = {
			isa = XCConfigurationList;
			buildConfigurations = (
				FAB9CB131A02E520003FAB0B /* Debug */,
				FAB9CB141A02E520003FAB0B /* Release */,
			);
			defaultConfigurationIsVisible = 0;
		};
		FAB9CB151A02E520003FAB0B /* Build configuration list for PBXNativeTarget "CodeChallenge2Tests" */ = {
			isa = XCConfigurationList;
			buildConfigurations = (
				FAB9CB161A02E520003FAB0B /* Debug */,
				FAB9CB171A02E520003FAB0B /* Release */,
			);
			defaultConfigurationIsVisible = 0;
		};
/* End XCConfigurationList section */
	};
	rootObject = FAB9CAE71A02E520003FAB0B /* Project object */;
}
